// !$*UTF8*$!
{
	archiveVersion = 1;
	classes = {
	};
	objectVersion = 77;
	objects = {

/* Begin PBXBuildFile section */
		57A25EE02D9E98D20041A862 /* Lottie in Frameworks */ = {isa = PBXBuildFile; productRef = 57A25EDF2D9E98D20041A862 /* Lottie */; };
/* End PBXBuildFile section */

/* Begin PBXContainerItemProxy section */
		57A25EC22D9E95AE0041A862 /* PBXContainerItemProxy */ = {
			isa = PBXContainerItemProxy;
			containerPortal = 57A25EA72D9E95AC0041A862 /* Project object */;
			proxyType = 1;
			remoteGlobalIDString = 57A25EAE2D9E95AC0041A862;
			remoteInfo = echoWrite;
		};
		57A25ECC2D9E95AE0041A862 /* PBXContainerItemProxy */ = {
			isa = PBXContainerItemProxy;
			containerPortal = 57A25EA72D9E95AC0041A862 /* Project object */;
			proxyType = 1;
			remoteGlobalIDString = 57A25EAE2D9E95AC0041A862;
			remoteInfo = echoWrite;
		};
/* End PBXContainerItemProxy section */

/* Begin PBXFileReference section */
		57A25EAF2D9E95AC0041A862 /* echoWrite.app */ = {isa = PBXFileReference; explicitFileType = wrapper.application; includeInIndex = 0; path = echoWrite.app; sourceTree = BUILT_PRODUCTS_DIR; };
		57A25EC12D9E95AE0041A862 /* echoWriteTests.xctest */ = {isa = PBXFileReference; explicitFileType = wrapper.cfbundle; includeInIndex = 0; path = echoWriteTests.xctest; sourceTree = BUILT_PRODUCTS_DIR; };
		57A25ECB2D9E95AE0041A862 /* echoWriteUITests.xctest */ = {isa = PBXFileReference; explicitFileType = wrapper.cfbundle; includeInIndex = 0; path = echoWriteUITests.xctest; sourceTree = BUILT_PRODUCTS_DIR; };
/* End PBXFileReference section */

/* Begin PBXFileSystemSynchronizedRootGroup section */
		57A25EB12D9E95AC0041A862 /* echoWrite */ = {
			isa = PBXFileSystemSynchronizedRootGroup;
			path = echoWrite;
			sourceTree = "<group>";
		};
		57A25EC42D9E95AE0041A862 /* echoWriteTests */ = {
			isa = PBXFileSystemSynchronizedRootGroup;
			path = echoWriteTests;
			sourceTree = "<group>";
		};
		57A25ECE2D9E95AE0041A862 /* echoWriteUITests */ = {
			isa = PBXFileSystemSynchronizedRootGroup;
			path = echoWriteUITests;
			sourceTree = "<group>";
		};
/* End PBXFileSystemSynchronizedRootGroup section */

/* Begin PBXFrameworksBuildPhase section */
		57A25EAC2D9E95AC0041A862 /* Frameworks */ = {
			isa = PBXFrameworksBuildPhase;
			buildActionMask = 2147483647;
			files = (
				57A25EE02D9E98D20041A862 /* Lottie in Frameworks */,
			);
			runOnlyForDeploymentPostprocessing = 0;
		};
		57A25EBE2D9E95AE0041A862 /* Frameworks */ = {
			isa = PBXFrameworksBuildPhase;
			buildActionMask = 2147483647;
			files = (
			);
			runOnlyForDeploymentPostprocessing = 0;
		};
		57A25EC82D9E95AE0041A862 /* Frameworks */ = {
			isa = PBXFrameworksBuildPhase;
			buildActionMask = 2147483647;
			files = (
			);
			runOnlyForDeploymentPostprocessing = 0;
		};
/* End PBXFrameworksBuildPhase section */

/* Begin PBXGroup section */
		57A25EA62D9E95AC0041A862 = {
			isa = PBXGroup;
			children = (
				57A25EB12D9E95AC0041A862 /* echoWrite */,
				57A25EC42D9E95AE0041A862 /* echoWriteTests */,
				57A25ECE2D9E95AE0041A862 /* echoWriteUITests */,
				57A25EB02D9E95AC0041A862 /* Products */,
			);
			sourceTree = "<group>";
		};
		57A25EB02D9E95AC0041A862 /* Products */ = {
			isa = PBXGroup;
			children = (
				57A25EAF2D9E95AC0041A862 /* echoWrite.app */,
				57A25EC12D9E95AE0041A862 /* echoWriteTests.xctest */,
				57A25ECB2D9E95AE0041A862 /* echoWriteUITests.xctest */,
			);
			name = Products;
			sourceTree = "<group>";
		};
/* End PBXGroup section */

/* Begin PBXNativeTarget section */
		57A25EAE2D9E95AC0041A862 /* echoWrite */ = {
			isa = PBXNativeTarget;
			buildConfigurationList = 57A25ED52D9E95AE0041A862 /* Build configuration list for PBXNativeTarget "echoWrite" */;
			buildPhases = (
				57A25EAB2D9E95AC0041A862 /* Sources */,
				57A25EAC2D9E95AC0041A862 /* Frameworks */,
				57A25EAD2D9E95AC0041A862 /* Resources */,
			);
			buildRules = (
			);
			dependencies = (
			);
			fileSystemSynchronizedGroups = (
				57A25EB12D9E95AC0041A862 /* echoWrite */,
			);
			name = echoWrite;
			packageProductDependencies = (
				57A25EDF2D9E98D20041A862 /* Lottie */,
			);
			productName = echoWrite;
			productReference = 57A25EAF2D9E95AC0041A862 /* echoWrite.app */;
			productType = "com.apple.product-type.application";
		};
		57A25EC02D9E95AE0041A862 /* echoWriteTests */ = {
			isa = PBXNativeTarget;
			buildConfigurationList = 57A25ED82D9E95AE0041A862 /* Build configuration list for PBXNativeTarget "echoWriteTests" */;
			buildPhases = (
				57A25EBD2D9E95AE0041A862 /* Sources */,
				57A25EBE2D9E95AE0041A862 /* Frameworks */,
				57A25EBF2D9E95AE0041A862 /* Resources */,
			);
			buildRules = (
			);
			dependencies = (
				57A25EC32D9E95AE0041A862 /* PBXTargetDependency */,
			);
			fileSystemSynchronizedGroups = (
				57A25EC42D9E95AE0041A862 /* echoWriteTests */,
			);
			name = echoWriteTests;
			packageProductDependencies = (
			);
			productName = echoWriteTests;
			productReference = 57A25EC12D9E95AE0041A862 /* echoWriteTests.xctest */;
			productType = "com.apple.product-type.bundle.unit-test";
		};
		57A25ECA2D9E95AE0041A862 /* echoWriteUITests */ = {
			isa = PBXNativeTarget;
			buildConfigurationList = 57A25EDB2D9E95AE0041A862 /* Build configuration list for PBXNativeTarget "echoWriteUITests" */;
			buildPhases = (
				57A25EC72D9E95AE0041A862 /* Sources */,
				57A25EC82D9E95AE0041A862 /* Frameworks */,
				57A25EC92D9E95AE0041A862 /* Resources */,
			);
			buildRules = (
			);
			dependencies = (
				57A25ECD2D9E95AE0041A862 /* PBXTargetDependency */,
			);
			fileSystemSynchronizedGroups = (
				57A25ECE2D9E95AE0041A862 /* echoWriteUITests */,
			);
			name = echoWriteUITests;
			packageProductDependencies = (
			);
			productName = echoWriteUITests;
			productReference = 57A25ECB2D9E95AE0041A862 /* echoWriteUITests.xctest */;
			productType = "com.apple.product-type.bundle.ui-testing";
		};
/* End PBXNativeTarget section */

/* Begin PBXProject section */
		57A25EA72D9E95AC0041A862 /* Project object */ = {
			isa = PBXProject;
			attributes = {
				BuildIndependentTargetsInParallel = 1;
				LastSwiftUpdateCheck = 1620;
				LastUpgradeCheck = 1620;
				TargetAttributes = {
					57A25EAE2D9E95AC0041A862 = {
						CreatedOnToolsVersion = 16.2;
					};
					57A25EC02D9E95AE0041A862 = {
						CreatedOnToolsVersion = 16.2;
						TestTargetID = 57A25EAE2D9E95AC0041A862;
					};
					57A25ECA2D9E95AE0041A862 = {
						CreatedOnToolsVersion = 16.2;
						TestTargetID = 57A25EAE2D9E95AC0041A862;
					};
				};
			};
			buildConfigurationList = 57A25EAA2D9E95AC0041A862 /* Build configuration list for PBXProject "echoWrite" */;
			developmentRegion = en;
			hasScannedForEncodings = 0;
			knownRegions = (
				en,
				Base,
			);
			mainGroup = 57A25EA62D9E95AC0041A862;
			minimizedProjectReferenceProxies = 1;
			packageReferences = (
				57A25EDE2D9E98D20041A862 /* XCRemoteSwiftPackageReference "lottie-ios" */,
			);
			preferredProjectObjectVersion = 77;
			productRefGroup = 57A25EB02D9E95AC0041A862 /* Products */;
			projectDirPath = "";
			projectRoot = "";
			targets = (
				57A25EAE2D9E95AC0041A862 /* echoWrite */,
				57A25EC02D9E95AE0041A862 /* echoWriteTests */,
				57A25ECA2D9E95AE0041A862 /* echoWriteUITests */,
			);
		};
/* End PBXProject section */

/* Begin PBXResourcesBuildPhase section */
		57A25EAD2D9E95AC0041A862 /* Resources */ = {
			isa = PBXResourcesBuildPhase;
			buildActionMask = 2147483647;
			files = (
			);
			runOnlyForDeploymentPostprocessing = 0;
		};
		57A25EBF2D9E95AE0041A862 /* Resources */ = {
			isa = PBXResourcesBuildPhase;
			buildActionMask = 2147483647;
			files = (
			);
			runOnlyForDeploymentPostprocessing = 0;
		};
		57A25EC92D9E95AE0041A862 /* Resources */ = {
			isa = PBXResourcesBuildPhase;
			buildActionMask = 2147483647;
			files = (
			);
			runOnlyForDeploymentPostprocessing = 0;
		};
/* End PBXResourcesBuildPhase section */

/* Begin PBXSourcesBuildPhase section */
		57A25EAB2D9E95AC0041A862 /* Sources */ = {
			isa = PBXSourcesBuildPhase;
			buildActionMask = 2147483647;
			files = (
			);
			runOnlyForDeploymentPostprocessing = 0;
		};
		57A25EBD2D9E95AE0041A862 /* Sources */ = {
			isa = PBXSourcesBuildPhase;
			buildActionMask = 2147483647;
			files = (
			);
			runOnlyForDeploymentPostprocessing = 0;
		};
		57A25EC72D9E95AE0041A862 /* Sources */ = {
			isa = PBXSourcesBuildPhase;
			buildActionMask = 2147483647;
			files = (
			);
			runOnlyForDeploymentPostprocessing = 0;
		};
/* End PBXSourcesBuildPhase section */

/* Begin PBXTargetDependency section */
		57A25EC32D9E95AE0041A862 /* PBXTargetDependency */ = {
			isa = PBXTargetDependency;
			target = 57A25EAE2D9E95AC0041A862 /* echoWrite */;
			targetProxy = 57A25EC22D9E95AE0041A862 /* PBXContainerItemProxy */;
		};
		57A25ECD2D9E95AE0041A862 /* PBXTargetDependency */ = {
			isa = PBXTargetDependency;
			target = 57A25EAE2D9E95AC0041A862 /* echoWrite */;
			targetProxy = 57A25ECC2D9E95AE0041A862 /* PBXContainerItemProxy */;
		};
/* End PBXTargetDependency section */

/* Begin XCBuildConfiguration section */
		57A25ED32D9E95AE0041A862 /* Debug */ = {
			isa = XCBuildConfiguration;
			buildSettings = {
				ALWAYS_SEARCH_USER_PATHS = NO;
				ASSETCATALOG_COMPILER_GENERATE_SWIFT_ASSET_SYMBOL_EXTENSIONS = YES;
				CLANG_ANALYZER_NONNULL = YES;
				CLANG_ANALYZER_NUMBER_OBJECT_CONVERSION = YES_AGGRESSIVE;
				CLANG_CXX_LANGUAGE_STANDARD = "gnu++20";
				CLANG_ENABLE_MODULES = YES;
				CLANG_ENABLE_OBJC_ARC = YES;
				CLANG_ENABLE_OBJC_WEAK = YES;
				CLANG_WARN_BLOCK_CAPTURE_AUTORELEASING = YES;
				CLANG_WARN_BOOL_CONVERSION = YES;
				CLANG_WARN_COMMA = YES;
				CLANG_WARN_CONSTANT_CONVERSION = YES;
				CLANG_WARN_DEPRECATED_OBJC_IMPLEMENTATIONS = YES;
				CLANG_WARN_DIRECT_OBJC_ISA_USAGE = YES_ERROR;
				CLANG_WARN_DOCUMENTATION_COMMENTS = YES;
				CLANG_WARN_EMPTY_BODY = YES;
				CLANG_WARN_ENUM_CONVERSION = YES;
				CLANG_WARN_INFINITE_RECURSION = YES;
				CLANG_WARN_INT_CONVERSION = YES;
				CLANG_WARN_NON_LITERAL_NULL_CONVERSION = YES;
				CLANG_WARN_OBJC_IMPLICIT_RETAIN_SELF = YES;
				CLANG_WARN_OBJC_LITERAL_CONVERSION = YES;
				CLANG_WARN_OBJC_ROOT_CLASS = YES_ERROR;
				CLANG_WARN_QUOTED_INCLUDE_IN_FRAMEWORK_HEADER = YES;
				CLANG_WARN_RANGE_LOOP_ANALYSIS = YES;
				CLANG_WARN_STRICT_PROTOTYPES = YES;
				CLANG_WARN_SUSPICIOUS_MOVE = YES;
				CLANG_WARN_UNGUARDED_AVAILABILITY = YES_AGGRESSIVE;
				CLANG_WARN_UNREACHABLE_CODE = YES;
				CLANG_WARN__DUPLICATE_METHOD_MATCH = YES;
				COPY_PHASE_STRIP = NO;
				DEBUG_INFORMATION_FORMAT = dwarf;
				ENABLE_STRICT_OBJC_MSGSEND = YES;
				ENABLE_TESTABILITY = YES;
				ENABLE_USER_SCRIPT_SANDBOXING = YES;
				GCC_C_LANGUAGE_STANDARD = gnu17;
				GCC_DYNAMIC_NO_PIC = NO;
				GCC_NO_COMMON_BLOCKS = YES;
				GCC_OPTIMIZATION_LEVEL = 0;
				GCC_PREPROCESSOR_DEFINITIONS = (
					"DEBUG=1",
					"$(inherited)",
				);
				GCC_WARN_64_TO_32_BIT_CONVERSION = YES;
				GCC_WARN_ABOUT_RETURN_TYPE = YES_ERROR;
				GCC_WARN_UNDECLARED_SELECTOR = YES;
				GCC_WARN_UNINITIALIZED_AUTOS = YES_AGGRESSIVE;
				GCC_WARN_UNUSED_FUNCTION = YES;
				GCC_WARN_UNUSED_VARIABLE = YES;
				IPHONEOS_DEPLOYMENT_TARGET = 18.2;
				LOCALIZATION_PREFERS_STRING_CATALOGS = YES;
				MTL_ENABLE_DEBUG_INFO = INCLUDE_SOURCE;
				MTL_FAST_MATH = YES;
				ONLY_ACTIVE_ARCH = YES;
				SDKROOT = iphoneos;
				SWIFT_ACTIVE_COMPILATION_CONDITIONS = "DEBUG $(inherited)";
				SWIFT_OPTIMIZATION_LEVEL = "-Onone";
			};
			name = Debug;
		};
		57A25ED42D9E95AE0041A862 /* Release */ = {
			isa = XCBuildConfiguration;
			buildSettings = {
				ALWAYS_SEARCH_USER_PATHS = NO;
				ASSETCATALOG_COMPILER_GENERATE_SWIFT_ASSET_SYMBOL_EXTENSIONS = YES;
				CLANG_ANALYZER_NONNULL = YES;
				CLANG_ANALYZER_NUMBER_OBJECT_CONVERSION = YES_AGGRESSIVE;
				CLANG_CXX_LANGUAGE_STANDARD = "gnu++20";
				CLANG_ENABLE_MODULES = YES;
				CLANG_ENABLE_OBJC_ARC = YES;
				CLANG_ENABLE_OBJC_WEAK = YES;
				CLANG_WARN_BLOCK_CAPTURE_AUTORELEASING = YES;
				CLANG_WARN_BOOL_CONVERSION = YES;
				CLANG_WARN_COMMA = YES;
				CLANG_WARN_CONSTANT_CONVERSION = YES;
				CLANG_WARN_DEPRECATED_OBJC_IMPLEMENTATIONS = YES;
				CLANG_WARN_DIRECT_OBJC_ISA_USAGE = YES_ERROR;
				CLANG_WARN_DOCUMENTATION_COMMENTS = YES;
				CLANG_WARN_EMPTY_BODY = YES;
				CLANG_WARN_ENUM_CONVERSION = YES;
				CLANG_WARN_INFINITE_RECURSION = YES;
				CLANG_WARN_INT_CONVERSION = YES;
				CLANG_WARN_NON_LITERAL_NULL_CONVERSION = YES;
				CLANG_WARN_OBJC_IMPLICIT_RETAIN_SELF = YES;
				CLANG_WARN_OBJC_LITERAL_CONVERSION = YES;
				CLANG_WARN_OBJC_ROOT_CLASS = YES_ERROR;
				CLANG_WARN_QUOTED_INCLUDE_IN_FRAMEWORK_HEADER = YES;
				CLANG_WARN_RANGE_LOOP_ANALYSIS = YES;
				CLANG_WARN_STRICT_PROTOTYPES = YES;
				CLANG_WARN_SUSPICIOUS_MOVE = YES;
				CLANG_WARN_UNGUARDED_AVAILABILITY = YES_AGGRESSIVE;
				CLANG_WARN_UNREACHABLE_CODE = YES;
				CLANG_WARN__DUPLICATE_METHOD_MATCH = YES;
				COPY_PHASE_STRIP = NO;
				DEBUG_INFORMATION_FORMAT = "dwarf-with-dsym";
				ENABLE_NS_ASSERTIONS = NO;
				ENABLE_STRICT_OBJC_MSGSEND = YES;
				ENABLE_USER_SCRIPT_SANDBOXING = YES;
				GCC_C_LANGUAGE_STANDARD = gnu17;
				GCC_NO_COMMON_BLOCKS = YES;
				GCC_WARN_64_TO_32_BIT_CONVERSION = YES;
				GCC_WARN_ABOUT_RETURN_TYPE = YES_ERROR;
				GCC_WARN_UNDECLARED_SELECTOR = YES;
				GCC_WARN_UNINITIALIZED_AUTOS = YES_AGGRESSIVE;
				GCC_WARN_UNUSED_FUNCTION = YES;
				GCC_WARN_UNUSED_VARIABLE = YES;
				IPHONEOS_DEPLOYMENT_TARGET = 18.2;
				LOCALIZATION_PREFERS_STRING_CATALOGS = YES;
				MTL_ENABLE_DEBUG_INFO = NO;
				MTL_FAST_MATH = YES;
				SDKROOT = iphoneos;
				SWIFT_COMPILATION_MODE = wholemodule;
				VALIDATE_PRODUCT = YES;
			};
			name = Release;
		};
		57A25ED62D9E95AE0041A862 /* Debug */ = {
			isa = XCBuildConfiguration;
			buildSettings = {
				ASSETCATALOG_COMPILER_APPICON_NAME = AppIcon;
				ASSETCATALOG_COMPILER_GLOBAL_ACCENT_COLOR_NAME = AccentColor;
				CODE_SIGN_STYLE = Automatic;
				CURRENT_PROJECT_VERSION = 1;
				DEVELOPMENT_ASSET_PATHS = "\"echoWrite/Preview Content\"";
				ENABLE_PREVIEWS = YES;
				GENERATE_INFOPLIST_FILE = YES;
				INFOPLIST_KEY_NSMicrophoneUsageDescription = "We need microphone access to record audio for speech-to-text";
				INFOPLIST_KEY_NSSpeechRecognitionUsageDescription = "We need speech recognition to transcribe your voice into text";
				INFOPLIST_KEY_UIApplicationSceneManifest_Generation = YES;
				INFOPLIST_KEY_UIApplicationSupportsIndirectInputEvents = YES;
				INFOPLIST_KEY_UILaunchScreen_Generation = YES;
				INFOPLIST_KEY_UISupportedInterfaceOrientations_iPad = "UIInterfaceOrientationPortrait UIInterfaceOrientationPortraitUpsideDown UIInterfaceOrientationLandscapeLeft UIInterfaceOrientationLandscapeRight";
				INFOPLIST_KEY_UISupportedInterfaceOrientations_iPhone = "UIInterfaceOrientationPortrait UIInterfaceOrientationLandscapeLeft UIInterfaceOrientationLandscapeRight";
				LD_RUNPATH_SEARCH_PATHS = (
					"$(inherited)",
					"@executable_path/Frameworks",
				);
				MARKETING_VERSION = 1.0;
				PRODUCT_BUNDLE_IDENTIFIER = com.echowrite.echoWrite;
				PRODUCT_NAME = "$(TARGET_NAME)";
				SWIFT_EMIT_LOC_STRINGS = YES;
				SWIFT_VERSION = 5.0;
				TARGETED_DEVICE_FAMILY = "1,2";
			};
			name = Debug;
		};
		57A25ED72D9E95AE0041A862 /* Release */ = {
			isa = XCBuildConfiguration;
			buildSettings = {
				ASSETCATALOG_COMPILER_APPICON_NAME = AppIcon;
				ASSETCATALOG_COMPILER_GLOBAL_ACCENT_COLOR_NAME = AccentColor;
				CODE_SIGN_STYLE = Automatic;
				CURRENT_PROJECT_VERSION = 1;
				DEVELOPMENT_ASSET_PATHS = "\"echoWrite/Preview Content\"";
				ENABLE_PREVIEWS = YES;
				GENERATE_INFOPLIST_FILE = YES;
				INFOPLIST_KEY_NSMicrophoneUsageDescription = "We need microphone access to record audio for speech-to-text";
				INFOPLIST_KEY_NSSpeechRecognitionUsageDescription = "We need speech recognition to transcribe your voice into text";
				INFOPLIST_KEY_UIApplicationSceneManifest_Generation = YES;
				INFOPLIST_KEY_UIApplicationSupportsIndirectInputEvents = YES;
				INFOPLIST_KEY_UILaunchScreen_Generation = YES;
				INFOPLIST_KEY_UISupportedInterfaceOrientations_iPad = "UIInterfaceOrientationPortrait UIInterfaceOrientationPortraitUpsideDown UIInterfaceOrientationLandscapeLeft UIInterfaceOrientationLandscapeRight";
				INFOPLIST_KEY_UISupportedInterfaceOrientations_iPhone = "UIInterfaceOrientationPortrait UIInterfaceOrientationLandscapeLeft UIInterfaceOrientationLandscapeRight";
				LD_RUNPATH_SEARCH_PATHS = (
					"$(inherited)",
					"@executable_path/Frameworks",
				);
				MARKETING_VERSION = 1.0;
				PRODUCT_BUNDLE_IDENTIFIER = com.echowrite.echoWrite;
				PRODUCT_NAME = "$(TARGET_NAME)";
				SWIFT_EMIT_LOC_STRINGS = YES;
				SWIFT_VERSION = 5.0;
				TARGETED_DEVICE_FAMILY = "1,2";
			};
			name = Release;
		};
		57A25ED92D9E95AE0041A862 /* Debug */ = {
			isa = XCBuildConfiguration;
			buildSettings = {
				BUNDLE_LOADER = "$(TEST_HOST)";
				CODE_SIGN_STYLE = Automatic;
				CURRENT_PROJECT_VERSION = 1;
				GENERATE_INFOPLIST_FILE = YES;
				IPHONEOS_DEPLOYMENT_TARGET = 18.2;
				MARKETING_VERSION = 1.0;
				PRODUCT_BUNDLE_IDENTIFIER = com.echowrite.echoWriteTests;
				PRODUCT_NAME = "$(TARGET_NAME)";
				SWIFT_EMIT_LOC_STRINGS = NO;
				SWIFT_VERSION = 5.0;
				TARGETED_DEVICE_FAMILY = "1,2";
				TEST_HOST = "$(BUILT_PRODUCTS_DIR)/echoWrite.app/$(BUNDLE_EXECUTABLE_FOLDER_PATH)/echoWrite";
			};
			name = Debug;
		};
		57A25EDA2D9E95AE0041A862 /* Release */ = {
			isa = XCBuildConfiguration;
			buildSettings = {
				BUNDLE_LOADER = "$(TEST_HOST)";
				CODE_SIGN_STYLE = Automatic;
				CURRENT_PROJECT_VERSION = 1;
				GENERATE_INFOPLIST_FILE = YES;
				IPHONEOS_DEPLOYMENT_TARGET = 18.2;
				MARKETING_VERSION = 1.0;
				PRODUCT_BUNDLE_IDENTIFIER = com.echowrite.echoWriteTests;
				PRODUCT_NAME = "$(TARGET_NAME)";
				SWIFT_EMIT_LOC_STRINGS = NO;
				SWIFT_VERSION = 5.0;
				TARGETED_DEVICE_FAMILY = "1,2";
				TEST_HOST = "$(BUILT_PRODUCTS_DIR)/echoWrite.app/$(BUNDLE_EXECUTABLE_FOLDER_PATH)/echoWrite";
			};
			name = Release;
		};
		57A25EDC2D9E95AE0041A862 /* Debug */ = {
			isa = XCBuildConfiguration;
			buildSettings = {
				CODE_SIGN_STYLE = Automatic;
				CURRENT_PROJECT_VERSION = 1;
				GENERATE_INFOPLIST_FILE = YES;
				MARKETING_VERSION = 1.0;
				PRODUCT_BUNDLE_IDENTIFIER = com.echowrite.echoWriteUITests;
				PRODUCT_NAME = "$(TARGET_NAME)";
				SWIFT_EMIT_LOC_STRINGS = NO;
				SWIFT_VERSION = 5.0;
				TARGETED_DEVICE_FAMILY = "1,2";
				TEST_TARGET_NAME = echoWrite;
			};
			name = Debug;
		};
		57A25EDD2D9E95AE0041A862 /* Release */ = {
			isa = XCBuildConfiguration;
			buildSettings = {
				CODE_SIGN_STYLE = Automatic;
				CURRENT_PROJECT_VERSION = 1;
				GENERATE_INFOPLIST_FILE = YES;
				MARKETING_VERSION = 1.0;
				PRODUCT_BUNDLE_IDENTIFIER = com.echowrite.echoWriteUITests;
				PRODUCT_NAME = "$(TARGET_NAME)";
				SWIFT_EMIT_LOC_STRINGS = NO;
				SWIFT_VERSION = 5.0;
				TARGETED_DEVICE_FAMILY = "1,2";
				TEST_TARGET_NAME = echoWrite;
			};
			name = Release;
		};
/* End XCBuildConfiguration section */

/* Begin XCConfigurationList section */
		57A25EAA2D9E95AC0041A862 /* Build configuration list for PBXProject "echoWrite" */ = {
			isa = XCConfigurationList;
			buildConfigurations = (
				57A25ED32D9E95AE0041A862 /* Debug */,
				57A25ED42D9E95AE0041A862 /* Release */,
			);
			defaultConfigurationIsVisible = 0;
			defaultConfigurationName = Release;
		};
		57A25ED52D9E95AE0041A862 /* Build configuration list for PBXNativeTarget "echoWrite" */ = {
			isa = XCConfigurationList;
			buildConfigurations = (
				57A25ED62D9E95AE0041A862 /* Debug */,
				57A25ED72D9E95AE0041A862 /* Release */,
			);
			defaultConfigurationIsVisible = 0;
			defaultConfigurationName = Release;
		};
		57A25ED82D9E95AE0041A862 /* Build configuration list for PBXNativeTarget "echoWriteTests" */ = {
			isa = XCConfigurationList;
			buildConfigurations = (
				57A25ED92D9E95AE0041A862 /* Debug */,
				57A25EDA2D9E95AE0041A862 /* Release */,
			);
			defaultConfigurationIsVisible = 0;
			defaultConfigurationName = Release;
		};
		57A25EDB2D9E95AE0041A862 /* Build configuration list for PBXNativeTarget "echoWriteUITests" */ = {
			isa = XCConfigurationList;
			buildConfigurations = (
				57A25EDC2D9E95AE0041A862 /* Debug */,
				57A25EDD2D9E95AE0041A862 /* Release */,
			);
			defaultConfigurationIsVisible = 0;
			defaultConfigurationName = Release;
		};
/* End XCConfigurationList section */

/* Begin XCRemoteSwiftPackageReference section */
		57A25EDE2D9E98D20041A862 /* XCRemoteSwiftPackageReference "lottie-ios" */ = {
			isa = XCRemoteSwiftPackageReference;
			repositoryURL = "https://github.com/airbnb/lottie-ios";
			requirement = {
				kind = upToNextMajorVersion;
				minimumVersion = 4.5.1;
			};
		};
/* End XCRemoteSwiftPackageReference section */

/* Begin XCSwiftPackageProductDependency section */
		57A25EDF2D9E98D20041A862 /* Lottie */ = {
			isa = XCSwiftPackageProductDependency;
			package = 57A25EDE2D9E98D20041A862 /* XCRemoteSwiftPackageReference "lottie-ios" */;
			productName = Lottie;
		};
/* End XCSwiftPackageProductDependency section */
	};
	rootObject = 57A25EA72D9E95AC0041A862 /* Project object */;
}
